
Microsoft Visual Studio Solution File, Format Version 12.00
# Visual Studio Version 16
VisualStudioVersion = 16.0.30011.22
MinimumVisualStudioVersion = 10.0.40219.1
Project("{9A19103F-16F7-4668-BE54-9A1E7A4F7556}") = "API", "Mutants.API\API.csproj", "{D5A27127-9BD7-4B3A-B5BD-B6830B4D1A70}"
EndProject
Project("{2150E333-8FDC-42A3-9474-1A3956D46DE8}") = "01 API", "01 API", "{EE198A75-77DF-4D85-AFD1-7DE15A6ED49C}"
EndProject
Project("{2150E333-8FDC-42A3-9474-1A3956D46DE8}") = "02 Business", "02 Business", "{D0E17284-4E1E-45AC-95FB-262A9B98F8B5}"
EndProject
Project("{9A19103F-16F7-4668-BE54-9A1E7A4F7556}") = "Business", "Business\Business.csproj", "{B80A768D-FB12-44EA-BF62-85A691CE9BEF}"
EndProject
Project("{9A19103F-16F7-4668-BE54-9A1E7A4F7556}") = "Dtos", "Dtos\Dtos.csproj", "{36224A94-D092-4833-916C-A80A6F2479D3}"
EndProject
Project("{9A19103F-16F7-4668-BE54-9A1E7A4F7556}") = "IServices", "IServices\IServices.csproj", "{2C194D6F-12D1-445E-83E7-6E0198B84699}"
EndProject
Project("{9A19103F-16F7-4668-BE54-9A1E7A4F7556}") = "Services", "Services\Services.csproj", "{02AFBE54-7B5E-4419-8A54-F51BEE3046B2}"
EndProject
Project("{2150E333-8FDC-42A3-9474-1A3956D46DE8}") = "03 Persistence", "03 Persistence", "{AE941950-E217-49A2-BE20-C4E6AEF40975}"
EndProject
Project("{2150E333-8FDC-42A3-9474-1A3956D46DE8}") = "04 Common", "04 Common", "{34846FF1-0597-45EA-9903-736A0C289908}"
EndProject
Project("{9A19103F-16F7-4668-BE54-9A1E7A4F7556}") = "Common", "Common\Common.csproj", "{6CFBD295-27B4-4992-86E9-E017A9ED73AA}"
EndProject
Project("{9A19103F-16F7-4668-BE54-9A1E7A4F7556}") = "DataAccess", "DataAccess\DataAccess.csproj", "{27D198D8-58EF-4715-B871-271F4AE191B9}"
EndProject
Project("{9A19103F-16F7-4668-BE54-9A1E7A4F7556}") = "API.Test", "API.Test\API.Test.csproj", "{4A3D048B-0FC1-4973-BED9-1DC00E8B9941}"
EndProject
Project("{9A19103F-16F7-4668-BE54-9A1E7A4F7556}") = "Test.Util", "Test.Util\Test.Util.csproj", "{D230DE2A-2869-468D-8C1D-92BBA8A93EFD}"
EndProject
Project("{FAE04EC0-301F-11D3-BF4B-00C04F79EFBC}") = "Services.Test", "Services.Test\Services.Test.csproj", "{92BC8603-63FE-4570-981E-6A75F2BF467C}"
EndProject
Global
	GlobalSection(SolutionConfigurationPlatforms) = preSolution
		Debug|Any CPU = Debug|Any CPU
		Release|Any CPU = Release|Any CPU
	EndGlobalSection
	GlobalSection(ProjectConfigurationPlatforms) = postSolution
		{D5A27127-9BD7-4B3A-B5BD-B6830B4D1A70}.Debug|Any CPU.ActiveCfg = Debug|Any CPU
		{D5A27127-9BD7-4B3A-B5BD-B6830B4D1A70}.Debug|Any CPU.Build.0 = Debug|Any CPU
		{D5A27127-9BD7-4B3A-B5BD-B6830B4D1A70}.Release|Any CPU.ActiveCfg = Release|Any CPU
		{D5A27127-9BD7-4B3A-B5BD-B6830B4D1A70}.Release|Any CPU.Build.0 = Release|Any CPU
		{B80A768D-FB12-44EA-BF62-85A691CE9BEF}.Debug|Any CPU.ActiveCfg = Debug|Any CPU
		{B80A768D-FB12-44EA-BF62-85A691CE9BEF}.Debug|Any CPU.Build.0 = Debug|Any CPU
		{B80A768D-FB12-44EA-BF62-85A691CE9BEF}.Release|Any CPU.ActiveCfg = Release|Any CPU
		{B80A768D-FB12-44EA-BF62-85A691CE9BEF}.Release|Any CPU.Build.0 = Release|Any CPU
		{36224A94-D092-4833-916C-A80A6F2479D3}.Debug|Any CPU.ActiveCfg = Debug|Any CPU
		{36224A94-D092-4833-916C-A80A6F2479D3}.Debug|Any CPU.Build.0 = Debug|Any CPU
		{36224A94-D092-4833-916C-A80A6F2479D3}.Release|Any CPU.ActiveCfg = Release|Any CPU
		{36224A94-D092-4833-916C-A80A6F2479D3}.Release|Any CPU.Build.0 = Release|Any CPU
		{2C194D6F-12D1-445E-83E7-6E0198B84699}.Debug|Any CPU.ActiveCfg = Debug|Any CPU
		{2C194D6F-12D1-445E-83E7-6E0198B84699}.Debug|Any CPU.Build.0 = Debug|Any CPU
		{2C194D6F-12D1-445E-83E7-6E0198B84699}.Release|Any CPU.ActiveCfg = Release|Any CPU
		{2C194D6F-12D1-445E-83E7-6E0198B84699}.Release|Any CPU.Build.0 = Release|Any CPU
		{02AFBE54-7B5E-4419-8A54-F51BEE3046B2}.Debug|Any CPU.ActiveCfg = Debug|Any CPU
		{02AFBE54-7B5E-4419-8A54-F51BEE3046B2}.Debug|Any CPU.Build.0 = Debug|Any CPU
		{02AFBE54-7B5E-4419-8A54-F51BEE3046B2}.Release|Any CPU.ActiveCfg = Release|Any CPU
		{02AFBE54-7B5E-4419-8A54-F51BEE3046B2}.Release|Any CPU.Build.0 = Release|Any CPU
		{6CFBD295-27B4-4992-86E9-E017A9ED73AA}.Debug|Any CPU.ActiveCfg = Debug|Any CPU
		{6CFBD295-27B4-4992-86E9-E017A9ED73AA}.Debug|Any CPU.Build.0 = Debug|Any CPU
		{6CFBD295-27B4-4992-86E9-E017A9ED73AA}.Release|Any CPU.ActiveCfg = Release|Any CPU
		{6CFBD295-27B4-4992-86E9-E017A9ED73AA}.Release|Any CPU.Build.0 = Release|Any CPU
		{27D198D8-58EF-4715-B871-271F4AE191B9}.Debug|Any CPU.ActiveCfg = Debug|Any CPU
		{27D198D8-58EF-4715-B871-271F4AE191B9}.Debug|Any CPU.Build.0 = Debug|Any CPU
		{27D198D8-58EF-4715-B871-271F4AE191B9}.Release|Any CPU.ActiveCfg = Release|Any CPU
		{27D198D8-58EF-4715-B871-271F4AE191B9}.Release|Any CPU.Build.0 = Release|Any CPU
		{4A3D048B-0FC1-4973-BED9-1DC00E8B9941}.Debug|Any CPU.ActiveCfg = Debug|Any CPU
		{4A3D048B-0FC1-4973-BED9-1DC00E8B9941}.Debug|Any CPU.Build.0 = Debug|Any CPU
		{4A3D048B-0FC1-4973-BED9-1DC00E8B9941}.Release|Any CPU.ActiveCfg = Release|Any CPU
		{4A3D048B-0FC1-4973-BED9-1DC00E8B9941}.Release|Any CPU.Build.0 = Release|Any CPU
		{D230DE2A-2869-468D-8C1D-92BBA8A93EFD}.Debug|Any CPU.ActiveCfg = Debug|Any CPU
		{D230DE2A-2869-468D-8C1D-92BBA8A93EFD}.Debug|Any CPU.Build.0 = Debug|Any CPU
		{D230DE2A-2869-468D-8C1D-92BBA8A93EFD}.Release|Any CPU.ActiveCfg = Release|Any CPU
		{D230DE2A-2869-468D-8C1D-92BBA8A93EFD}.Release|Any CPU.Build.0 = Release|Any CPU
		{92BC8603-63FE-4570-981E-6A75F2BF467C}.Debug|Any CPU.ActiveCfg = Debug|Any CPU
		{92BC8603-63FE-4570-981E-6A75F2BF467C}.Debug|Any CPU.Build.0 = Debug|Any CPU
		{92BC8603-63FE-4570-981E-6A75F2BF467C}.Release|Any CPU.ActiveCfg = Release|Any CPU
		{92BC8603-63FE-4570-981E-6A75F2BF467C}.Release|Any CPU.Build.0 = Release|Any CPU
	EndGlobalSection
	GlobalSection(SolutionProperties) = preSolution
		HideSolutionNode = FALSE
	EndGlobalSection
	GlobalSection(NestedProjects) = preSolution
		{D5A27127-9BD7-4B3A-B5BD-B6830B4D1A70} = {EE198A75-77DF-4D85-AFD1-7DE15A6ED49C}
		{B80A768D-FB12-44EA-BF62-85A691CE9BEF} = {D0E17284-4E1E-45AC-95FB-262A9B98F8B5}
		{36224A94-D092-4833-916C-A80A6F2479D3} = {D0E17284-4E1E-45AC-95FB-262A9B98F8B5}
		{2C194D6F-12D1-445E-83E7-6E0198B84699} = {D0E17284-4E1E-45AC-95FB-262A9B98F8B5}
		{02AFBE54-7B5E-4419-8A54-F51BEE3046B2} = {D0E17284-4E1E-45AC-95FB-262A9B98F8B5}
		{6CFBD295-27B4-4992-86E9-E017A9ED73AA} = {34846FF1-0597-45EA-9903-736A0C289908}
		{27D198D8-58EF-4715-B871-271F4AE191B9} = {AE941950-E217-49A2-BE20-C4E6AEF40975}
		{4A3D048B-0FC1-4973-BED9-1DC00E8B9941} = {EE198A75-77DF-4D85-AFD1-7DE15A6ED49C}
		{D230DE2A-2869-468D-8C1D-92BBA8A93EFD} = {34846FF1-0597-45EA-9903-736A0C289908}
		{92BC8603-63FE-4570-981E-6A75F2BF467C} = {D0E17284-4E1E-45AC-95FB-262A9B98F8B5}
	EndGlobalSection
	GlobalSection(ExtensibilityGlobals) = postSolution
		SolutionGuid = {0B2D3D78-E4A4-4BB5-BB52-72F013044DA8}
	EndGlobalSection
EndGlobal
